// !$*UTF8*$!
{
	archiveVersion = 1;
	classes = {
	};
	objectVersion = 50;
	objects = {

/* Begin PBXBuildFile section */
		7DCE5C9E25C320560077BB16 /* LCS_EatsApp.swift in Sources */ = {isa = PBXBuildFile; fileRef = 7DCE5C8B25C320540077BB16 /* LCS_EatsApp.swift */; };
		7DCE5C9F25C320560077BB16 /* LCS_EatsApp.swift in Sources */ = {isa = PBXBuildFile; fileRef = 7DCE5C8B25C320540077BB16 /* LCS_EatsApp.swift */; };
		7DCE5CA225C320560077BB16 /* Assets.xcassets in Resources */ = {isa = PBXBuildFile; fileRef = 7DCE5C8D25C320560077BB16 /* Assets.xcassets */; };
		7DCE5CA325C320560077BB16 /* Assets.xcassets in Resources */ = {isa = PBXBuildFile; fileRef = 7DCE5C8D25C320560077BB16 /* Assets.xcassets */; };
		7DCE5CB325C320B70077BB16 /* OrderView.swift in Sources */ = {isa = PBXBuildFile; fileRef = 7DCE5CB225C320B70077BB16 /* OrderView.swift */; };
		7DCE5CB425C320B70077BB16 /* OrderView.swift in Sources */ = {isa = PBXBuildFile; fileRef = 7DCE5CB225C320B70077BB16 /* OrderView.swift */; };
/* End PBXBuildFile section */

/* Begin PBXFileReference section */
		7DCE5C8B25C320540077BB16 /* LCS_EatsApp.swift */ = {isa = PBXFileReference; lastKnownFileType = sourcecode.swift; path = LCS_EatsApp.swift; sourceTree = "<group>"; };
		7DCE5C8D25C320560077BB16 /* Assets.xcassets */ = {isa = PBXFileReference; lastKnownFileType = folder.assetcatalog; path = Assets.xcassets; sourceTree = "<group>"; };
		7DCE5C9225C320560077BB16 /* LCS Eats.app */ = {isa = PBXFileReference; explicitFileType = wrapper.application; includeInIndex = 0; path = "LCS Eats.app"; sourceTree = BUILT_PRODUCTS_DIR; };
		7DCE5C9525C320560077BB16 /* Info.plist */ = {isa = PBXFileReference; lastKnownFileType = text.plist.xml; path = Info.plist; sourceTree = "<group>"; };
		7DCE5C9A25C320560077BB16 /* LCS Eats.app */ = {isa = PBXFileReference; explicitFileType = wrapper.application; includeInIndex = 0; path = "LCS Eats.app"; sourceTree = BUILT_PRODUCTS_DIR; };
		7DCE5C9C25C320560077BB16 /* Info.plist */ = {isa = PBXFileReference; lastKnownFileType = text.plist.xml; path = Info.plist; sourceTree = "<group>"; };
		7DCE5C9D25C320560077BB16 /* macOS.entitlements */ = {isa = PBXFileReference; lastKnownFileType = text.plist.entitlements; path = macOS.entitlements; sourceTree = "<group>"; };
		7DCE5CB225C320B70077BB16 /* OrderView.swift */ = {isa = PBXFileReference; lastKnownFileType = sourcecode.swift; path = OrderView.swift; sourceTree = "<group>"; };
/* End PBXFileReference section */

/* Begin PBXFrameworksBuildPhase section */
		7DCE5C8F25C320560077BB16 /* Frameworks */ = {
			isa = PBXFrameworksBuildPhase;
			buildActionMask = 2147483647;
			files = (
			);
			runOnlyForDeploymentPostprocessing = 0;
		};
		7DCE5C9725C320560077BB16 /* Frameworks */ = {
			isa = PBXFrameworksBuildPhase;
			buildActionMask = 2147483647;
			files = (
			);
			runOnlyForDeploymentPostprocessing = 0;
		};
/* End PBXFrameworksBuildPhase section */

/* Begin PBXGroup section */
		7DCE5C8525C320540077BB16 = {
			isa = PBXGroup;
			children = (
				7DCE5C8A25C320540077BB16 /* Shared */,
				7DCE5C9425C320560077BB16 /* iOS */,
				7DCE5C9B25C320560077BB16 /* macOS */,
				7DCE5C9325C320560077BB16 /* Products */,
			);
			sourceTree = "<group>";
		};
		7DCE5C8A25C320540077BB16 /* Shared */ = {
			isa = PBXGroup;
			children = (
				7DCE5C8B25C320540077BB16 /* LCS_EatsApp.swift */,
				7DCE5CAE25C320860077BB16 /* Model */,
				7DCE5CAF25C3208B0077BB16 /* View */,
				7DCE5C8D25C320560077BB16 /* Assets.xcassets */,
			);
			path = Shared;
			sourceTree = "<group>";
		};
		7DCE5C9325C320560077BB16 /* Products */ = {
			isa = PBXGroup;
			children = (
				7DCE5C9225C320560077BB16 /* LCS Eats.app */,
				7DCE5C9A25C320560077BB16 /* LCS Eats.app */,
			);
			name = Products;
			sourceTree = "<group>";
		};
		7DCE5C9425C320560077BB16 /* iOS */ = {
			isa = PBXGroup;
			children = (
				7DCE5C9525C320560077BB16 /* Info.plist */,
			);
			path = iOS;
			sourceTree = "<group>";
		};
		7DCE5C9B25C320560077BB16 /* macOS */ = {
			isa = PBXGroup;
			children = (
				7DCE5C9C25C320560077BB16 /* Info.plist */,
				7DCE5C9D25C320560077BB16 /* macOS.entitlements */,
			);
			path = macOS;
			sourceTree = "<group>";
		};
		7DCE5CAE25C320860077BB16 /* Model */ = {
			isa = PBXGroup;
			children = (
			);
			path = Model;
			sourceTree = "<group>";
		};
		7DCE5CAF25C3208B0077BB16 /* View */ = {
			isa = PBXGroup;
			children = (
				7DCE5CB225C320B70077BB16 /* OrderView.swift */,
			);
			path = View;
			sourceTree = "<group>";
		};
/* End PBXGroup section */

/* Begin PBXNativeTarget section */
		7DCE5C9125C320560077BB16 /* LCS Eats (iOS) */ = {
			isa = PBXNativeTarget;
			buildConfigurationList = 7DCE5CA625C320560077BB16 /* Build configuration list for PBXNativeTarget "LCS Eats (iOS)" */;
			buildPhases = (
				7DCE5C8E25C320560077BB16 /* Sources */,
				7DCE5C8F25C320560077BB16 /* Frameworks */,
				7DCE5C9025C320560077BB16 /* Resources */,
			);
			buildRules = (
			);
			dependencies = (
			);
			name = "LCS Eats (iOS)";
			productName = "LCS Eats (iOS)";
			productReference = 7DCE5C9225C320560077BB16 /* LCS Eats.app */;
			productType = "com.apple.product-type.application";
		};
		7DCE5C9925C320560077BB16 /* LCS Eats (macOS) */ = {
			isa = PBXNativeTarget;
			buildConfigurationList = 7DCE5CA925C320560077BB16 /* Build configuration list for PBXNativeTarget "LCS Eats (macOS)" */;
			buildPhases = (
				7DCE5C9625C320560077BB16 /* Sources */,
				7DCE5C9725C320560077BB16 /* Frameworks */,
				7DCE5C9825C320560077BB16 /* Resources */,
			);
			buildRules = (
			);
			dependencies = (
			);
			name = "LCS Eats (macOS)";
			productName = "LCS Eats (macOS)";
			productReference = 7DCE5C9A25C320560077BB16 /* LCS Eats.app */;
			productType = "com.apple.product-type.application";
		};
/* End PBXNativeTarget section */

/* Begin PBXProject section */
		7DCE5C8625C320540077BB16 /* Project object */ = {
			isa = PBXProject;
			attributes = {
				LastSwiftUpdateCheck = 1230;
				LastUpgradeCheck = 1230;
				TargetAttributes = {
					7DCE5C9125C320560077BB16 = {
						CreatedOnToolsVersion = 12.3;
					};
					7DCE5C9925C320560077BB16 = {
						CreatedOnToolsVersion = 12.3;
					};
				};
			};
			buildConfigurationList = 7DCE5C8925C320540077BB16 /* Build configuration list for PBXProject "LCS Eats" */;
			compatibilityVersion = "Xcode 9.3";
			developmentRegion = en;
			hasScannedForEncodings = 0;
			knownRegions = (
				en,
				Base,
			);
			mainGroup = 7DCE5C8525C320540077BB16;
			productRefGroup = 7DCE5C9325C320560077BB16 /* Products */;
			projectDirPath = "";
			projectRoot = "";
			targets = (
				7DCE5C9125C320560077BB16 /* LCS Eats (iOS) */,
				7DCE5C9925C320560077BB16 /* LCS Eats (macOS) */,
			);
		};
/* End PBXProject section */

/* Begin PBXResourcesBuildPhase section */
		7DCE5C9025C320560077BB16 /* Resources */ = {
			isa = PBXResourcesBuildPhase;
			buildActionMask = 2147483647;
			files = (
				7DCE5CA225C320560077BB16 /* Assets.xcassets in Resources */,
			);
			runOnlyForDeploymentPostprocessing = 0;
		};
		7DCE5C9825C320560077BB16 /* Resources */ = {
			isa = PBXResourcesBuildPhase;
			buildActionMask = 2147483647;
			files = (
				7DCE5CA325C320560077BB16 /* Assets.xcassets in Resources */,
			);
			runOnlyForDeploymentPostprocessing = 0;
		};
/* End PBXResourcesBuildPhase section */

/* Begin PBXSourcesBuildPhase section */
		7DCE5C8E25C320560077BB16 /* Sources */ = {
			isa = PBXSourcesBuildPhase;
			buildActionMask = 2147483647;
			files = (
				7DCE5CB325C320B70077BB16 /* OrderView.swift in Sources */,
				7DCE5C9E25C320560077BB16 /* LCS_EatsApp.swift in Sources */,
			);
			runOnlyForDeploymentPostprocessing = 0;
		};
		7DCE5C9625C320560077BB16 /* Sources */ = {
			isa = PBXSourcesBuildPhase;
			buildActionMask = 2147483647;
			files = (
				7DCE5CB425C320B70077BB16 /* OrderView.swift in Sources */,
				7DCE5C9F25C320560077BB16 /* LCS_EatsApp.swift in Sources */,
			);
			runOnlyForDeploymentPostprocessing = 0;
		};
/* End PBXSourcesBuildPhase section */

/* Begin XCBuildConfiguration section */
		7DCE5CA425C320560077BB16 /* Debug */ = {
			isa = XCBuildConfiguration;
			buildSettings = {
				ALWAYS_SEARCH_USER_PATHS = NO;
				CLANG_ANALYZER_NONNULL = YES;
				CLANG_ANALYZER_NUMBER_OBJECT_CONVERSION = YES_AGGRESSIVE;
				CLANG_CXX_LANGUAGE_STANDARD = "gnu++14";
				CLANG_CXX_LIBRARY = "libc++";
				CLANG_ENABLE_MODULES = YES;
				CLANG_ENABLE_OBJC_ARC = YES;
				CLANG_ENABLE_OBJC_WEAK = YES;
				CLANG_WARN_BLOCK_CAPTURE_AUTORELEASING = YES;
				CLANG_WARN_BOOL_CONVERSION = YES;
				CLANG_WARN_COMMA = YES;
				CLANG_WARN_CONSTANT_CONVERSION = YES;
				CLANG_WARN_DEPRECATED_OBJC_IMPLEMENTATIONS = YES;
				CLANG_WARN_DIRECT_OBJC_ISA_USAGE = YES_ERROR;
				CLANG_WARN_DOCUMENTATION_COMMENTS = YES;
				CLANG_WARN_EMPTY_BODY = YES;
				CLANG_WARN_ENUM_CONVERSION = YES;
				CLANG_WARN_INFINITE_RECURSION = YES;
				CLANG_WARN_INT_CONVERSION = YES;
				CLANG_WARN_NON_LITERAL_NULL_CONVERSION = YES;
				CLANG_WARN_OBJC_IMPLICIT_RETAIN_SELF = YES;
				CLANG_WARN_OBJC_LITERAL_CONVERSION = YES;
				CLANG_WARN_OBJC_ROOT_CLASS = YES_ERROR;
				CLANG_WARN_QUOTED_INCLUDE_IN_FRAMEWORK_HEADER = YES;
				CLANG_WARN_RANGE_LOOP_ANALYSIS = YES;
				CLANG_WARN_STRICT_PROTOTYPES = YES;
				CLANG_WARN_SUSPICIOUS_MOVE = YES;
				CLANG_WARN_UNGUARDED_AVAILABILITY = YES_AGGRESSIVE;
				CLANG_WARN_UNREACHABLE_CODE = YES;
				CLANG_WARN__DUPLICATE_METHOD_MATCH = YES;
				COPY_PHASE_STRIP = NO;
				DEBUG_INFORMATION_FORMAT = dwarf;
				ENABLE_STRICT_OBJC_MSGSEND = YES;
				ENABLE_TESTABILITY = YES;
				GCC_C_LANGUAGE_STANDARD = gnu11;
				GCC_DYNAMIC_NO_PIC = NO;
				GCC_NO_COMMON_BLOCKS = YES;
				GCC_OPTIMIZATION_LEVEL = 0;
				GCC_PREPROCESSOR_DEFINITIONS = (
					"DEBUG=1",
					"$(inherited)",
				);
				GCC_WARN_64_TO_32_BIT_CONVERSION = YES;
				GCC_WARN_ABOUT_RETURN_TYPE = YES_ERROR;
				GCC_WARN_UNDECLARED_SELECTOR = YES;
				GCC_WARN_UNINITIALIZED_AUTOS = YES_AGGRESSIVE;
				GCC_WARN_UNUSED_FUNCTION = YES;
				GCC_WARN_UNUSED_VARIABLE = YES;
				MTL_ENABLE_DEBUG_INFO = INCLUDE_SOURCE;
				MTL_FAST_MATH = YES;
				ONLY_ACTIVE_ARCH = YES;
				SWIFT_ACTIVE_COMPILATION_CONDITIONS = DEBUG;
				SWIFT_OPTIMIZATION_LEVEL = "-Onone";
			};
			name = Debug;
		};
		7DCE5CA525C320560077BB16 /* Release */ = {
			isa = XCBuildConfiguration;
			buildSettings = {
				ALWAYS_SEARCH_USER_PATHS = NO;
				CLANG_ANALYZER_NONNULL = YES;
				CLANG_ANALYZER_NUMBER_OBJECT_CONVERSION = YES_AGGRESSIVE;
				CLANG_CXX_LANGUAGE_STANDARD = "gnu++14";
				CLANG_CXX_LIBRARY = "libc++";
				CLANG_ENABLE_MODULES = YES;
				CLANG_ENABLE_OBJC_ARC = YES;
				CLANG_ENABLE_OBJC_WEAK = YES;
				CLANG_WARN_BLOCK_CAPTURE_AUTORELEASING = YES;
				CLANG_WARN_BOOL_CONVERSION = YES;
				CLANG_WARN_COMMA = YES;
				CLANG_WARN_CONSTANT_CONVERSION = YES;
				CLANG_WARN_DEPRECATED_OBJC_IMPLEMENTATIONS = YES;
				CLANG_WARN_DIRECT_OBJC_ISA_USAGE = YES_ERROR;
				CLANG_WARN_DOCUMENTATION_COMMENTS = YES;
				CLANG_WARN_EMPTY_BODY = YES;
				CLANG_WARN_ENUM_CONVERSION = YES;
				CLANG_WARN_INFINITE_RECURSION = YES;
				CLANG_WARN_INT_CONVERSION = YES;
				CLANG_WARN_NON_LITERAL_NULL_CONVERSION = YES;
				CLANG_WARN_OBJC_IMPLICIT_RETAIN_SELF = YES;
				CLANG_WARN_OBJC_LITERAL_CONVERSION = YES;
				CLANG_WARN_OBJC_ROOT_CLASS = YES_ERROR;
				CLANG_WARN_QUOTED_INCLUDE_IN_FRAMEWORK_HEADER = YES;
				CLANG_WARN_RANGE_LOOP_ANALYSIS = YES;
				CLANG_WARN_STRICT_PROTOTYPES = YES;
				CLANG_WARN_SUSPICIOUS_MOVE = YES;
				CLANG_WARN_UNGUARDED_AVAILABILITY = YES_AGGRESSIVE;
				CLANG_WARN_UNREACHABLE_CODE = YES;
				CLANG_WARN__DUPLICATE_METHOD_MATCH = YES;
				COPY_PHASE_STRIP = NO;
				DEBUG_INFORMATION_FORMAT = "dwarf-with-dsym";
				ENABLE_NS_ASSERTIONS = NO;
				ENABLE_STRICT_OBJC_MSGSEND = YES;
				GCC_C_LANGUAGE_STANDARD = gnu11;
				GCC_NO_COMMON_BLOCKS = YES;
				GCC_WARN_64_TO_32_BIT_CONVERSION = YES;
				GCC_WARN_ABOUT_RETURN_TYPE = YES_ERROR;
				GCC_WARN_UNDECLARED_SELECTOR = YES;
				GCC_WARN_UNINITIALIZED_AUTOS = YES_AGGRESSIVE;
				GCC_WARN_UNUSED_FUNCTION = YES;
				GCC_WARN_UNUSED_VARIABLE = YES;
				MTL_ENABLE_DEBUG_INFO = NO;
				MTL_FAST_MATH = YES;
				SWIFT_COMPILATION_MODE = wholemodule;
				SWIFT_OPTIMIZATION_LEVEL = "-O";
			};
			name = Release;
		};
		7DCE5CA725C320560077BB16 /* Debug */ = {
			isa = XCBuildConfiguration;
			buildSettings = {
				ASSETCATALOG_COMPILER_APPICON_NAME = AppIcon;
				ASSETCATALOG_COMPILER_GLOBAL_ACCENT_COLOR_NAME = AccentColor;
				CODE_SIGN_STYLE = Automatic;
				DEVELOPMENT_TEAM = 46DG92AH87;
				ENABLE_PREVIEWS = YES;
				INFOPLIST_FILE = iOS/Info.plist;
				IPHONEOS_DEPLOYMENT_TARGET = 14.0;
				LD_RUNPATH_SEARCH_PATHS = (
					"$(inherited)",
					"@executable_path/Frameworks",
				);
				PRODUCT_BUNDLE_IDENTIFIER = "ca.doggett.scott.LCS-Eats";
				PRODUCT_NAME = "LCS Eats";
				SDKROOT = iphoneos;
				SWIFT_VERSION = 5.0;
				TARGETED_DEVICE_FAMILY = "1,2";
			};
			name = Debug;
		};
		7DCE5CA825C320560077BB16 /* Release */ = {
			isa = XCBuildConfiguration;
			buildSettings = {
				ASSETCATALOG_COMPILER_APPICON_NAME = AppIcon;
				ASSETCATALOG_COMPILER_GLOBAL_ACCENT_COLOR_NAME = AccentColor;
				CODE_SIGN_STYLE = Automatic;
				DEVELOPMENT_TEAM = 46DG92AH87;
				ENABLE_PREVIEWS = YES;
				INFOPLIST_FILE = iOS/Info.plist;
				IPHONEOS_DEPLOYMENT_TARGET = 14.0;
				LD_RUNPATH_SEARCH_PATHS = (
					"$(inherited)",
					"@executable_path/Frameworks",
				);
				PRODUCT_BUNDLE_IDENTIFIER = "ca.doggett.scott.LCS-Eats";
				PRODUCT_NAME = "LCS Eats";
				SDKROOT = iphoneos;
				SWIFT_VERSION = 5.0;
				TARGETED_DEVICE_FAMILY = "1,2";
				VALIDATE_PRODUCT = YES;
			};
			name = Release;
		};
		7DCE5CAA25C320560077BB16 /* Debug */ = {
			isa = XCBuildConfiguration;
			buildSettings = {
				ASSETCATALOG_COMPILER_APPICON_NAME = AppIcon;
				ASSETCATALOG_COMPILER_GLOBAL_ACCENT_COLOR_NAME = AccentColor;
				CODE_SIGN_ENTITLEMENTS = macOS/macOS.entitlements;
				CODE_SIGN_STYLE = Automatic;
				COMBINE_HIDPI_IMAGES = YES;
				DEVELOPMENT_TEAM = 46DG92AH87;
				ENABLE_HARDENED_RUNTIME = YES;
				ENABLE_PREVIEWS = YES;
				INFOPLIST_FILE = macOS/Info.plist;
				LD_RUNPATH_SEARCH_PATHS = (
					"$(inherited)",
					"@executable_path/../Frameworks",
				);
				MACOSX_DEPLOYMENT_TARGET = 11.0;
				PRODUCT_BUNDLE_IDENTIFIER = "ca.doggett.scott.LCS-Eats";
				PRODUCT_NAME = "LCS Eats";
				SDKROOT = macosx;
				SWIFT_VERSION = 5.0;
			};
			name = Debug;
		};
		7DCE5CAB25C320560077BB16 /* Release */ = {
			isa = XCBuildConfiguration;
			buildSettings = {
				ASSETCATALOG_COMPILER_APPICON_NAME = AppIcon;
				ASSETCATALOG_COMPILER_GLOBAL_ACCENT_COLOR_NAME = AccentColor;
				CODE_SIGN_ENTITLEMENTS = macOS/macOS.entitlements;
				CODE_SIGN_STYLE = Automatic;
				COMBINE_HIDPI_IMAGES = YES;
				DEVELOPMENT_TEAM = 46DG92AH87;
				ENABLE_HARDENED_RUNTIME = YES;
				ENABLE_PREVIEWS = YES;
				INFOPLIST_FILE = macOS/Info.plist;
				LD_RUNPATH_SEARCH_PATHS = (
					"$(inherited)",
					"@executable_path/../Frameworks",
				);
				MACOSX_DEPLOYMENT_TARGET = 11.0;
				PRODUCT_BUNDLE_IDENTIFIER = "ca.doggett.scott.LCS-Eats";
				PRODUCT_NAME = "LCS Eats";
				SDKROOT = macosx;
				SWIFT_VERSION = 5.0;
			};
			name = Release;
		};
/* End XCBuildConfiguration section */

/* Begin XCConfigurationList section */
		7DCE5C8925C320540077BB16 /* Build configuration list for PBXProject "LCS Eats" */ = {
			isa = XCConfigurationList;
			buildConfigurations = (
				7DCE5CA425C320560077BB16 /* Debug */,
				7DCE5CA525C320560077BB16 /* Release */,
			);
			defaultConfigurationIsVisible = 0;
			defaultConfigurationName = Release;
		};
		7DCE5CA625C320560077BB16 /* Build configuration list for PBXNativeTarget "LCS Eats (iOS)" */ = {
			isa = XCConfigurationList;
			buildConfigurations = (
				7DCE5CA725C320560077BB16 /* Debug */,
				7DCE5CA825C320560077BB16 /* Release */,
			);
			defaultConfigurationIsVisible = 0;
			defaultConfigurationName = Release;
		};
		7DCE5CA925C320560077BB16 /* Build configuration list for PBXNativeTarget "LCS Eats (macOS)" */ = {
			isa = XCConfigurationList;
			buildConfigurations = (
				7DCE5CAA25C320560077BB16 /* Debug */,
				7DCE5CAB25C320560077BB16 /* Release */,
			);
			defaultConfigurationIsVisible = 0;
			defaultConfigurationName = Release;
		};
/* End XCConfigurationList section */
	};
	rootObject = 7DCE5C8625C320540077BB16 /* Project object */;
}
